// !$*UTF8*$!
{
	archiveVersion = 1;
	classes = {
	};
	objectVersion = 50;
	objects = {

/* Begin PBXBuildFile section */
		E975766D2275EA6A0046B0FC /* AppDelegate.swift in Sources */ = {isa = PBXBuildFile; fileRef = E975766C2275EA6A0046B0FC /* AppDelegate.swift */; };
		E975766F2275EA6A0046B0FC /* ViewController.swift in Sources */ = {isa = PBXBuildFile; fileRef = E975766E2275EA6A0046B0FC /* ViewController.swift */; };
		E97576722275EA6A0046B0FC /* Main.storyboard in Resources */ = {isa = PBXBuildFile; fileRef = E97576702275EA6A0046B0FC /* Main.storyboard */; };
		E97576742275EA6B0046B0FC /* Assets.xcassets in Resources */ = {isa = PBXBuildFile; fileRef = E97576732275EA6B0046B0FC /* Assets.xcassets */; };
		E97576772275EA6B0046B0FC /* LaunchScreen.storyboard in Resources */ = {isa = PBXBuildFile; fileRef = E97576752275EA6B0046B0FC /* LaunchScreen.storyboard */; };
		E97576822275EA6C0046B0FC /* SliderAppTests.swift in Sources */ = {isa = PBXBuildFile; fileRef = E97576812275EA6C0046B0FC /* SliderAppTests.swift */; };
		E975768D2275EA6C0046B0FC /* SliderAppUITests.swift in Sources */ = {isa = PBXBuildFile; fileRef = E975768C2275EA6C0046B0FC /* SliderAppUITests.swift */; };
/* End PBXBuildFile section */

/* Begin PBXContainerItemProxy section */
		E975767E2275EA6C0046B0FC /* PBXContainerItemProxy */ = {
			isa = PBXContainerItemProxy;
			containerPortal = E97576612275EA6A0046B0FC /* Project object */;
			proxyType = 1;
			remoteGlobalIDString = E97576682275EA6A0046B0FC;
			remoteInfo = SliderApp;
		};
		E97576892275EA6C0046B0FC /* PBXContainerItemProxy */ = {
			isa = PBXContainerItemProxy;
			containerPortal = E97576612275EA6A0046B0FC /* Project object */;
			proxyType = 1;
			remoteGlobalIDString = E97576682275EA6A0046B0FC;
			remoteInfo = SliderApp;
		};
/* End PBXContainerItemProxy section */

/* Begin PBXFileReference section */
		E97576692275EA6A0046B0FC /* SliderApp.app */ = {isa = PBXFileReference; explicitFileType = wrapper.application; includeInIndex = 0; path = SliderApp.app; sourceTree = BUILT_PRODUCTS_DIR; };
		E975766C2275EA6A0046B0FC /* AppDelegate.swift */ = {isa = PBXFileReference; lastKnownFileType = sourcecode.swift; path = AppDelegate.swift; sourceTree = "<group>"; };
		E975766E2275EA6A0046B0FC /* ViewController.swift */ = {isa = PBXFileReference; lastKnownFileType = sourcecode.swift; path = ViewController.swift; sourceTree = "<group>"; };
		E97576712275EA6A0046B0FC /* Base */ = {isa = PBXFileReference; lastKnownFileType = file.storyboard; name = Base; path = Base.lproj/Main.storyboard; sourceTree = "<group>"; };
		E97576732275EA6B0046B0FC /* Assets.xcassets */ = {isa = PBXFileReference; lastKnownFileType = folder.assetcatalog; path = Assets.xcassets; sourceTree = "<group>"; };
		E97576762275EA6B0046B0FC /* Base */ = {isa = PBXFileReference; lastKnownFileType = file.storyboard; name = Base; path = Base.lproj/LaunchScreen.storyboard; sourceTree = "<group>"; };
		E97576782275EA6B0046B0FC /* Info.plist */ = {isa = PBXFileReference; lastKnownFileType = text.plist.xml; path = Info.plist; sourceTree = "<group>"; };
		E975767D2275EA6C0046B0FC /* SliderAppTests.xctest */ = {isa = PBXFileReference; explicitFileType = wrapper.cfbundle; includeInIndex = 0; path = SliderAppTests.xctest; sourceTree = BUILT_PRODUCTS_DIR; };
		E97576812275EA6C0046B0FC /* SliderAppTests.swift */ = {isa = PBXFileReference; lastKnownFileType = sourcecode.swift; path = SliderAppTests.swift; sourceTree = "<group>"; };
		E97576832275EA6C0046B0FC /* Info.plist */ = {isa = PBXFileReference; lastKnownFileType = text.plist.xml; path = Info.plist; sourceTree = "<group>"; };
		E97576882275EA6C0046B0FC /* SliderAppUITests.xctest */ = {isa = PBXFileReference; explicitFileType = wrapper.cfbundle; includeInIndex = 0; path = SliderAppUITests.xctest; sourceTree = BUILT_PRODUCTS_DIR; };
		E975768C2275EA6C0046B0FC /* SliderAppUITests.swift */ = {isa = PBXFileReference; lastKnownFileType = sourcecode.swift; path = SliderAppUITests.swift; sourceTree = "<group>"; };
		E975768E2275EA6C0046B0FC /* Info.plist */ = {isa = PBXFileReference; lastKnownFileType = text.plist.xml; path = Info.plist; sourceTree = "<group>"; };
/* End PBXFileReference section */

/* Begin PBXFrameworksBuildPhase section */
		E97576662275EA6A0046B0FC /* Frameworks */ = {
			isa = PBXFrameworksBuildPhase;
			buildActionMask = 2147483647;
			files = (
			);
			runOnlyForDeploymentPostprocessing = 0;
		};
		E975767A2275EA6C0046B0FC /* Frameworks */ = {
			isa = PBXFrameworksBuildPhase;
			buildActionMask = 2147483647;
			files = (
			);
			runOnlyForDeploymentPostprocessing = 0;
		};
		E97576852275EA6C0046B0FC /* Frameworks */ = {
			isa = PBXFrameworksBuildPhase;
			buildActionMask = 2147483647;
			files = (
			);
			runOnlyForDeploymentPostprocessing = 0;
		};
/* End PBXFrameworksBuildPhase section */

/* Begin PBXGroup section */
		E97576602275EA6A0046B0FC = {
			isa = PBXGroup;
			children = (
				E975766B2275EA6A0046B0FC /* SliderApp */,
				E97576802275EA6C0046B0FC /* SliderAppTests */,
				E975768B2275EA6C0046B0FC /* SliderAppUITests */,
				E975766A2275EA6A0046B0FC /* Products */,
			);
			sourceTree = "<group>";
		};
		E975766A2275EA6A0046B0FC /* Products */ = {
			isa = PBXGroup;
			children = (
				E97576692275EA6A0046B0FC /* SliderApp.app */,
				E975767D2275EA6C0046B0FC /* SliderAppTests.xctest */,
				E97576882275EA6C0046B0FC /* SliderAppUITests.xctest */,
			);
			name = Products;
			sourceTree = "<group>";
		};
		E975766B2275EA6A0046B0FC /* SliderApp */ = {
			isa = PBXGroup;
			children = (
				E975766C2275EA6A0046B0FC /* AppDelegate.swift */,
				E975766E2275EA6A0046B0FC /* ViewController.swift */,
				E97576702275EA6A0046B0FC /* Main.storyboard */,
				E97576732275EA6B0046B0FC /* Assets.xcassets */,
				E97576752275EA6B0046B0FC /* LaunchScreen.storyboard */,
				E97576782275EA6B0046B0FC /* Info.plist */,
			);
			path = SliderApp;
			sourceTree = "<group>";
		};
		E97576802275EA6C0046B0FC /* SliderAppTests */ = {
			isa = PBXGroup;
			children = (
				E97576812275EA6C0046B0FC /* SliderAppTests.swift */,
				E97576832275EA6C0046B0FC /* Info.plist */,
			);
			path = SliderAppTests;
			sourceTree = "<group>";
		};
		E975768B2275EA6C0046B0FC /* SliderAppUITests */ = {
			isa = PBXGroup;
			children = (
				E975768C2275EA6C0046B0FC /* SliderAppUITests.swift */,
				E975768E2275EA6C0046B0FC /* Info.plist */,
			);
			path = SliderAppUITests;
			sourceTree = "<group>";
		};
/* End PBXGroup section */

/* Begin PBXNativeTarget section */
		E97576682275EA6A0046B0FC /* SliderApp */ = {
			isa = PBXNativeTarget;
			buildConfigurationList = E97576912275EA6C0046B0FC /* Build configuration list for PBXNativeTarget "SliderApp" */;
			buildPhases = (
				E97576652275EA6A0046B0FC /* Sources */,
				E97576662275EA6A0046B0FC /* Frameworks */,
				E97576672275EA6A0046B0FC /* Resources */,
			);
			buildRules = (
			);
			dependencies = (
			);
			name = SliderApp;
			productName = SliderApp;
			productReference = E97576692275EA6A0046B0FC /* SliderApp.app */;
			productType = "com.apple.product-type.application";
		};
		E975767C2275EA6C0046B0FC /* SliderAppTests */ = {
			isa = PBXNativeTarget;
			buildConfigurationList = E97576942275EA6C0046B0FC /* Build configuration list for PBXNativeTarget "SliderAppTests" */;
			buildPhases = (
				E97576792275EA6C0046B0FC /* Sources */,
				E975767A2275EA6C0046B0FC /* Frameworks */,
				E975767B2275EA6C0046B0FC /* Resources */,
			);
			buildRules = (
			);
			dependencies = (
				E975767F2275EA6C0046B0FC /* PBXTargetDependency */,
			);
			name = SliderAppTests;
			productName = SliderAppTests;
			productReference = E975767D2275EA6C0046B0FC /* SliderAppTests.xctest */;
			productType = "com.apple.product-type.bundle.unit-test";
		};
		E97576872275EA6C0046B0FC /* SliderAppUITests */ = {
			isa = PBXNativeTarget;
			buildConfigurationList = E97576972275EA6C0046B0FC /* Build configuration list for PBXNativeTarget "SliderAppUITests" */;
			buildPhases = (
				E97576842275EA6C0046B0FC /* Sources */,
				E97576852275EA6C0046B0FC /* Frameworks */,
				E97576862275EA6C0046B0FC /* Resources */,
			);
			buildRules = (
			);
			dependencies = (
				E975768A2275EA6C0046B0FC /* PBXTargetDependency */,
			);
			name = SliderAppUITests;
			productName = SliderAppUITests;
			productReference = E97576882275EA6C0046B0FC /* SliderAppUITests.xctest */;
			productType = "com.apple.product-type.bundle.ui-testing";
		};
/* End PBXNativeTarget section */

/* Begin PBXProject section */
		E97576612275EA6A0046B0FC /* Project object */ = {
			isa = PBXProject;
			attributes = {
				LastSwiftUpdateCheck = 1020;
				LastUpgradeCheck = 1020;
				ORGANIZATIONNAME = "Deep Yoga";
				TargetAttributes = {
					E97576682275EA6A0046B0FC = {
						CreatedOnToolsVersion = 10.2.1;
					};
					E975767C2275EA6C0046B0FC = {
						CreatedOnToolsVersion = 10.2.1;
						TestTargetID = E97576682275EA6A0046B0FC;
					};
					E97576872275EA6C0046B0FC = {
						CreatedOnToolsVersion = 10.2.1;
						TestTargetID = E97576682275EA6A0046B0FC;
					};
				};
			};
			buildConfigurationList = E97576642275EA6A0046B0FC /* Build configuration list for PBXProject "SliderApp" */;
			compatibilityVersion = "Xcode 9.3";
			developmentRegion = en;
			hasScannedForEncodings = 0;
			knownRegions = (
				en,
				Base,
			);
			mainGroup = E97576602275EA6A0046B0FC;
			productRefGroup = E975766A2275EA6A0046B0FC /* Products */;
			projectDirPath = "";
			projectRoot = "";
			targets = (
				E97576682275EA6A0046B0FC /* SliderApp */,
				E975767C2275EA6C0046B0FC /* SliderAppTests */,
				E97576872275EA6C0046B0FC /* SliderAppUITests */,
			);
		};
/* End PBXProject section */

/* Begin PBXResourcesBuildPhase section */
		E97576672275EA6A0046B0FC /* Resources */ = {
			isa = PBXResourcesBuildPhase;
			buildActionMask = 2147483647;
			files = (
				E97576772275EA6B0046B0FC /* LaunchScreen.storyboard in Resources */,
				E97576742275EA6B0046B0FC /* Assets.xcassets in Resources */,
				E97576722275EA6A0046B0FC /* Main.storyboard in Resources */,
			);
			runOnlyForDeploymentPostprocessing = 0;
		};
		E975767B2275EA6C0046B0FC /* Resources */ = {
			isa = PBXResourcesBuildPhase;
			buildActionMask = 2147483647;
			files = (
			);
			runOnlyForDeploymentPostprocessing = 0;
		};
		E97576862275EA6C0046B0FC /* Resources */ = {
			isa = PBXResourcesBuildPhase;
			buildActionMask = 2147483647;
			files = (
			);
			runOnlyForDeploymentPostprocessing = 0;
		};
/* End PBXResourcesBuildPhase section */

/* Begin PBXSourcesBuildPhase section */
		E97576652275EA6A0046B0FC /* Sources */ = {
			isa = PBXSourcesBuildPhase;
			buildActionMask = 2147483647;
			files = (
				E975766F2275EA6A0046B0FC /* ViewController.swift in Sources */,
				E975766D2275EA6A0046B0FC /* AppDelegate.swift in Sources */,
			);
			runOnlyForDeploymentPostprocessing = 0;
		};
		E97576792275EA6C0046B0FC /* Sources */ = {
			isa = PBXSourcesBuildPhase;
			buildActionMask = 2147483647;
			files = (
				E97576822275EA6C0046B0FC /* SliderAppTests.swift in Sources */,
			);
			runOnlyForDeploymentPostprocessing = 0;
		};
		E97576842275EA6C0046B0FC /* Sources */ = {
			isa = PBXSourcesBuildPhase;
			buildActionMask = 2147483647;
			files = (
				E975768D2275EA6C0046B0FC /* SliderAppUITests.swift in Sources */,
			);
			runOnlyForDeploymentPostprocessing = 0;
		};
/* End PBXSourcesBuildPhase section */

/* Begin PBXTargetDependency section */
		E975767F2275EA6C0046B0FC /* PBXTargetDependency */ = {
			isa = PBXTargetDependency;
			target = E97576682275EA6A0046B0FC /* SliderApp */;
			targetProxy = E975767E2275EA6C0046B0FC /* PBXContainerItemProxy */;
		};
		E975768A2275EA6C0046B0FC /* PBXTargetDependency */ = {
			isa = PBXTargetDependency;
			target = E97576682275EA6A0046B0FC /* SliderApp */;
			targetProxy = E97576892275EA6C0046B0FC /* PBXContainerItemProxy */;
		};
/* End PBXTargetDependency section */

/* Begin PBXVariantGroup section */
		E97576702275EA6A0046B0FC /* Main.storyboard */ = {
			isa = PBXVariantGroup;
			children = (
				E97576712275EA6A0046B0FC /* Base */,
			);
			name = Main.storyboard;
			sourceTree = "<group>";
		};
		E97576752275EA6B0046B0FC /* LaunchScreen.storyboard */ = {
			isa = PBXVariantGroup;
			children = (
				E97576762275EA6B0046B0FC /* Base */,
			);
			name = LaunchScreen.storyboard;
			sourceTree = "<group>";
		};
/* End PBXVariantGroup section */

/* Begin XCBuildConfiguration section */
		E975768F2275EA6C0046B0FC /* Debug */ = {
			isa = XCBuildConfiguration;
			buildSettings = {
				ALWAYS_SEARCH_USER_PATHS = NO;
				CLANG_ANALYZER_NONNULL = YES;
				CLANG_ANALYZER_NUMBER_OBJECT_CONVERSION = YES_AGGRESSIVE;
				CLANG_CXX_LANGUAGE_STANDARD = "gnu++14";
				CLANG_CXX_LIBRARY = "libc++";
				CLANG_ENABLE_MODULES = YES;
				CLANG_ENABLE_OBJC_ARC = YES;
				CLANG_ENABLE_OBJC_WEAK = YES;
				CLANG_WARN_BLOCK_CAPTURE_AUTORELEASING = YES;
				CLANG_WARN_BOOL_CONVERSION = YES;
				CLANG_WARN_COMMA = YES;
				CLANG_WARN_CONSTANT_CONVERSION = YES;
				CLANG_WARN_DEPRECATED_OBJC_IMPLEMENTATIONS = YES;
				CLANG_WARN_DIRECT_OBJC_ISA_USAGE = YES_ERROR;
				CLANG_WARN_DOCUMENTATION_COMMENTS = YES;
				CLANG_WARN_EMPTY_BODY = YES;
				CLANG_WARN_ENUM_CONVERSION = YES;
				CLANG_WARN_INFINITE_RECURSION = YES;
				CLANG_WARN_INT_CONVERSION = YES;
				CLANG_WARN_NON_LITERAL_NULL_CONVERSION = YES;
				CLANG_WARN_OBJC_IMPLICIT_RETAIN_SELF = YES;
				CLANG_WARN_OBJC_LITERAL_CONVERSION = YES;
				CLANG_WARN_OBJC_ROOT_CLASS = YES_ERROR;
				CLANG_WARN_RANGE_LOOP_ANALYSIS = YES;
				CLANG_WARN_STRICT_PROTOTYPES = YES;
				CLANG_WARN_SUSPICIOUS_MOVE = YES;
				CLANG_WARN_UNGUARDED_AVAILABILITY = YES_AGGRESSIVE;
				CLANG_WARN_UNREACHABLE_CODE = YES;
				CLANG_WARN__DUPLICATE_METHOD_MATCH = YES;
				CODE_SIGN_IDENTITY = "iPhone Developer";
				COPY_PHASE_STRIP = NO;
				DEBUG_INFORMATION_FORMAT = dwarf;
				ENABLE_STRICT_OBJC_MSGSEND = YES;
				ENABLE_TESTABILITY = YES;
				GCC_C_LANGUAGE_STANDARD = gnu11;
				GCC_DYNAMIC_NO_PIC = NO;
				GCC_NO_COMMON_BLOCKS = YES;
				GCC_OPTIMIZATION_LEVEL = 0;
				GCC_PREPROCESSOR_DEFINITIONS = (
					"DEBUG=1",
					"$(inherited)",
				);
				GCC_WARN_64_TO_32_BIT_CONVERSION = YES;
				GCC_WARN_ABOUT_RETURN_TYPE = YES_ERROR;
				GCC_WARN_UNDECLARED_SELECTOR = YES;
				GCC_WARN_UNINITIALIZED_AUTOS = YES_AGGRESSIVE;
				GCC_WARN_UNUSED_FUNCTION = YES;
				GCC_WARN_UNUSED_VARIABLE = YES;
				IPHONEOS_DEPLOYMENT_TARGET = 12.2;
				MTL_ENABLE_DEBUG_INFO = INCLUDE_SOURCE;
				MTL_FAST_MATH = YES;
				ONLY_ACTIVE_ARCH = YES;
				SDKROOT = iphoneos;
				SWIFT_ACTIVE_COMPILATION_CONDITIONS = DEBUG;
				SWIFT_OPTIMIZATION_LEVEL = "-Onone";
			};
			name = Debug;
		};
		E97576902275EA6C0046B0FC /* Release */ = {
			isa = XCBuildConfiguration;
			buildSettings = {
				ALWAYS_SEARCH_USER_PATHS = NO;
				CLANG_ANALYZER_NONNULL = YES;
				CLANG_ANALYZER_NUMBER_OBJECT_CONVERSION = YES_AGGRESSIVE;
				CLANG_CXX_LANGUAGE_STANDARD = "gnu++14";
				CLANG_CXX_LIBRARY = "libc++";
				CLANG_ENABLE_MODULES = YES;
				CLANG_ENABLE_OBJC_ARC = YES;
				CLANG_ENABLE_OBJC_WEAK = YES;
				CLANG_WARN_BLOCK_CAPTURE_AUTORELEASING = YES;
				CLANG_WARN_BOOL_CONVERSION = YES;
				CLANG_WARN_COMMA = YES;
				CLANG_WARN_CONSTANT_CONVERSION = YES;
				CLANG_WARN_DEPRECATED_OBJC_IMPLEMENTATIONS = YES;
				CLANG_WARN_DIRECT_OBJC_ISA_USAGE = YES_ERROR;
				CLANG_WARN_DOCUMENTATION_COMMENTS = YES;
				CLANG_WARN_EMPTY_BODY = YES;
				CLANG_WARN_ENUM_CONVERSION = YES;
				CLANG_WARN_INFINITE_RECURSION = YES;
				CLANG_WARN_INT_CONVERSION = YES;
				CLANG_WARN_NON_LITERAL_NULL_CONVERSION = YES;
				CLANG_WARN_OBJC_IMPLICIT_RETAIN_SELF = YES;
				CLANG_WARN_OBJC_LITERAL_CONVERSION = YES;
				CLANG_WARN_OBJC_ROOT_CLASS = YES_ERROR;
				CLANG_WARN_RANGE_LOOP_ANALYSIS = YES;
				CLANG_WARN_STRICT_PROTOTYPES = YES;
				CLANG_WARN_SUSPICIOUS_MOVE = YES;
				CLANG_WARN_UNGUARDED_AVAILABILITY = YES_AGGRESSIVE;
				CLANG_WARN_UNREACHABLE_CODE = YES;
				CLANG_WARN__DUPLICATE_METHOD_MATCH = YES;
				CODE_SIGN_IDENTITY = "iPhone Developer";
				COPY_PHASE_STRIP = NO;
				DEBUG_INFORMATION_FORMAT = "dwarf-with-dsym";
				ENABLE_NS_ASSERTIONS = NO;
				ENABLE_STRICT_OBJC_MSGSEND = YES;
				GCC_C_LANGUAGE_STANDARD = gnu11;
				GCC_NO_COMMON_BLOCKS = YES;
				GCC_WARN_64_TO_32_BIT_CONVERSION = YES;
				GCC_WARN_ABOUT_RETURN_TYPE = YES_ERROR;
				GCC_WARN_UNDECLARED_SELECTOR = YES;
				GCC_WARN_UNINITIALIZED_AUTOS = YES_AGGRESSIVE;
				GCC_WARN_UNUSED_FUNCTION = YES;
				GCC_WARN_UNUSED_VARIABLE = YES;
				IPHONEOS_DEPLOYMENT_TARGET = 12.2;
				MTL_ENABLE_DEBUG_INFO = NO;
				MTL_FAST_MATH = YES;
				SDKROOT = iphoneos;
				SWIFT_COMPILATION_MODE = wholemodule;
				SWIFT_OPTIMIZATION_LEVEL = "-O";
				VALIDATE_PRODUCT = YES;
			};
			name = Release;
		};
		E97576922275EA6C0046B0FC /* Debug */ = {
			isa = XCBuildConfiguration;
			buildSettings = {
				ASSETCATALOG_COMPILER_APPICON_NAME = AppIcon;
				CODE_SIGN_STYLE = Automatic;
				DEVELOPMENT_TEAM = V733AGVCML;
				INFOPLIST_FILE = SliderApp/Info.plist;
				LD_RUNPATH_SEARCH_PATHS = (
					"$(inherited)",
					"@executable_path/Frameworks",
				);
				PRODUCT_BUNDLE_IDENTIFIER = de.yoga.deep.SliderApp;
				PRODUCT_NAME = "$(TARGET_NAME)";
				SWIFT_VERSION = 5.0;
				TARGETED_DEVICE_FAMILY = "1,2";
			};
			name = Debug;
		};
		E97576932275EA6C0046B0FC /* Release */ = {
			isa = XCBuildConfiguration;
			buildSettings = {
				ASSETCATALOG_COMPILER_APPICON_NAME = AppIcon;
				CODE_SIGN_STYLE = Automatic;
				DEVELOPMENT_TEAM = V733AGVCML;
				INFOPLIST_FILE = SliderApp/Info.plist;
				LD_RUNPATH_SEARCH_PATHS = (
					"$(inherited)",
					"@executable_path/Frameworks",
				);
				PRODUCT_BUNDLE_IDENTIFIER = de.yoga.deep.SliderApp;
				PRODUCT_NAME = "$(TARGET_NAME)";
				SWIFT_VERSION = 5.0;
				TARGETED_DEVICE_FAMILY = "1,2";
			};
			name = Release;
		};
		E97576952275EA6C0046B0FC /* Debug */ = {
			isa = XCBuildConfiguration;
			buildSettings = {
				ALWAYS_EMBED_SWIFT_STANDARD_LIBRARIES = YES;
				BUNDLE_LOADER = "$(TEST_HOST)";
				CODE_SIGN_STYLE = Automatic;
				DEVELOPMENT_TEAM = V733AGVCML;
				INFOPLIST_FILE = SliderAppTests/Info.plist;
				LD_RUNPATH_SEARCH_PATHS = (
					"$(inherited)",
					"@executable_path/Frameworks",
					"@loader_path/Frameworks",
				);
				PRODUCT_BUNDLE_IDENTIFIER = de.yoga.deep.SliderAppTests;
				PRODUCT_NAME = "$(TARGET_NAME)";
				SWIFT_VERSION = 5.0;
				TARGETED_DEVICE_FAMILY = "1,2";
				TEST_HOST = "$(BUILT_PRODUCTS_DIR)/SliderApp.app/SliderApp";
			};
			name = Debug;
		};
		E97576962275EA6C0046B0FC /* Release */ = {
			isa = XCBuildConfiguration;
			buildSettings = {
				ALWAYS_EMBED_SWIFT_STANDARD_LIBRARIES = YES;
				BUNDLE_LOADER = "$(TEST_HOST)";
				CODE_SIGN_STYLE = Automatic;
				DEVELOPMENT_TEAM = V733AGVCML;
				INFOPLIST_FILE = SliderAppTests/Info.plist;
				LD_RUNPATH_SEARCH_PATHS = (
					"$(inherited)",
					"@executable_path/Frameworks",
					"@loader_path/Frameworks",
				);
				PRODUCT_BUNDLE_IDENTIFIER = de.yoga.deep.SliderAppTests;
				PRODUCT_NAME = "$(TARGET_NAME)";
				SWIFT_VERSION = 5.0;
				TARGETED_DEVICE_FAMILY = "1,2";
				TEST_HOST = "$(BUILT_PRODUCTS_DIR)/SliderApp.app/SliderApp";
			};
			name = Release;
		};
		E97576982275EA6C0046B0FC /* Debug */ = {
			isa = XCBuildConfiguration;
			buildSettings = {
				ALWAYS_EMBED_SWIFT_STANDARD_LIBRARIES = YES;
				CODE_SIGN_STYLE = Automatic;
				DEVELOPMENT_TEAM = V733AGVCML;
				INFOPLIST_FILE = SliderAppUITests/Info.plist;
				LD_RUNPATH_SEARCH_PATHS = (
					"$(inherited)",
					"@executable_path/Frameworks",
					"@loader_path/Frameworks",
				);
				PRODUCT_BUNDLE_IDENTIFIER = de.yoga.deep.SliderAppUITests;
				PRODUCT_NAME = "$(TARGET_NAME)";
				SWIFT_VERSION = 5.0;
				TARGETED_DEVICE_FAMILY = "1,2";
				TEST_TARGET_NAME = SliderApp;
			};
			name = Debug;
		};
		E97576992275EA6C0046B0FC /* Release */ = {
			isa = XCBuildConfiguration;
			buildSettings = {
				ALWAYS_EMBED_SWIFT_STANDARD_LIBRARIES = YES;
				CODE_SIGN_STYLE = Automatic;
				DEVELOPMENT_TEAM = V733AGVCML;
				INFOPLIST_FILE = SliderAppUITests/Info.plist;
				LD_RUNPATH_SEARCH_PATHS = (
					"$(inherited)",
					"@executable_path/Frameworks",
					"@loader_path/Frameworks",
				);
				PRODUCT_BUNDLE_IDENTIFIER = de.yoga.deep.SliderAppUITests;
				PRODUCT_NAME = "$(TARGET_NAME)";
				SWIFT_VERSION = 5.0;
				TARGETED_DEVICE_FAMILY = "1,2";
				TEST_TARGET_NAME = SliderApp;
			};
			name = Release;
		};
/* End XCBuildConfiguration section */

/* Begin XCConfigurationList section */
		E97576642275EA6A0046B0FC /* Build configuration list for PBXProject "SliderApp" */ = {
			isa = XCConfigurationList;
			buildConfigurations = (
				E975768F2275EA6C0046B0FC /* Debug */,
				E97576902275EA6C0046B0FC /* Release */,
			);
			defaultConfigurationIsVisible = 0;
			defaultConfigurationName = Release;
		};
		E97576912275EA6C0046B0FC /* Build configuration list for PBXNativeTarget "SliderApp" */ = {
			isa = XCConfigurationList;
			buildConfigurations = (
				E97576922275EA6C0046B0FC /* Debug */,
				E97576932275EA6C0046B0FC /* Release */,
			);
			defaultConfigurationIsVisible = 0;
			defaultConfigurationName = Release;
		};
		E97576942275EA6C0046B0FC /* Build configuration list for PBXNativeTarget "SliderAppTests" */ = {
			isa = XCConfigurationList;
			buildConfigurations = (
				E97576952275EA6C0046B0FC /* Debug */,
				E97576962275EA6C0046B0FC /* Release */,
			);
			defaultConfigurationIsVisible = 0;
			defaultConfigurationName = Release;
		};
		E97576972275EA6C0046B0FC /* Build configuration list for PBXNativeTarget "SliderAppUITests" */ = {
			isa = XCConfigurationList;
			buildConfigurations = (
				E97576982275EA6C0046B0FC /* Debug */,
				E97576992275EA6C0046B0FC /* Release */,
			);
			defaultConfigurationIsVisible = 0;
			defaultConfigurationName = Release;
		};
/* End XCConfigurationList section */
	};
	rootObject = E97576612275EA6A0046B0FC /* Project object */;
}
